
Microsoft Visual Studio Solution File, Format Version 12.00
# Visual Studio Version 17
VisualStudioVersion = 17.14.36127.28
MinimumVisualStudioVersion = 10.0.40219.1
Project("{FAE04EC0-301F-11D3-BF4B-00C04F79EFBC}") = "MultipleSave", "MultipleSave.csproj", "{B0071760-935B-47F9-8D89-B8F5977E9638}"
EndProject
Global
	GlobalSection(SolutionConfigurationPlatforms) = preSolution
		Debug|Any CPU = Debug|Any CPU
		Release|Any CPU = Release|Any CPU
	EndGlobalSection
	GlobalSection(ProjectConfigurationPlatforms) = postSolution
		{B0071760-935B-47F9-8D89-B8F5977E9638}.Debug|Any CPU.ActiveCfg = Debug|Any CPU
		{B0071760-935B-47F9-8D89-B8F5977E9638}.Debug|Any CPU.Build.0 = Debug|Any CPU
		{B0071760-935B-47F9-8D89-B8F5977E9638}.Release|Any CPU.ActiveCfg = Release|Any CPU
		{B0071760-935B-47F9-8D89-B8F5977E9638}.Release|Any CPU.Build.0 = Release|Any CPU
	EndGlobalSection
	GlobalSection(SolutionProperties) = preSolution
		HideSolutionNode = FALSE
	EndGlobalSection
	GlobalSection(ExtensibilityGlobals) = postSolution
		SolutionGuid = {530374BC-2AC1-48CD-8B67-FB89208DF64F}
	EndGlobalSection
EndGlobal
